
Microsoft Visual Studio Solution File, Format Version 12.00
# Visual Studio Version 16
VisualStudioVersion = 16.0.29613.14
MinimumVisualStudioVersion = 10.0.40219.1
Project("{F2A71F9B-5D33-465A-A702-920D77279786}") = "Berreman", "Berreman\Berreman.fsproj", "{790FDD25-2DB2-4A42-9A19-4855FBB5F850}"
EndProject
Project("{F2A71F9B-5D33-465A-A702-920D77279786}") = "BerremanTests", "BerremanTests\BerremanTests.fsproj", "{5AD8EECF-4BB1-4592-B375-4534259070E5}"
EndProject
Project("{F2A71F9B-5D33-465A-A702-920D77279786}") = "OpticalProperties", "OpticalProperties\OpticalProperties.fsproj", "{31A3D7D4-252A-419B-A848-F778C9014748}"
EndProject
Project("{F2A71F9B-5D33-465A-A702-920D77279786}") = "Analytics", "Analytics\Analytics.fsproj", "{E33CEBE8-BE13-4D9B-9331-0BED73519DF4}"
EndProject
Project("{F2A71F9B-5D33-465A-A702-920D77279786}") = "Minimization", "Minimization\Minimization.fsproj", "{28E2E9FA-55AF-4205-89D0-3F0970572873}"
EndProject
Project("{F2A71F9B-5D33-465A-A702-920D77279786}") = "OdeSolvers", "OdeSolvers\OdeSolvers.fsproj", "{CABC1334-FA26-483E-AE65-9F93C86DCE2D}"
EndProject
Project("{FAE04EC0-301F-11D3-BF4B-00C04F79EFBC}") = "AlgLib", "AlgLib\AlgLib.csproj", "{5D23CBC1-D7C8-4942-B9C4-22993F4F5E30}"
EndProject
Project("{F2A71F9B-5D33-465A-A702-920D77279786}") = "FSharp.Plotly", "..\FSharp.Plotly\FSharp.Plotly.fsproj", "{C609D8EC-F1EA-4917-A43C-12EFB173B8F3}"
EndProject
Project("{FAE04EC0-301F-11D3-BF4B-00C04F79EFBC}") = "Numerics", "..\MathNetNumerics\src\Numerics\Numerics.csproj", "{50E8DCFB-1893-4550-8118-E00DA762EA2F}"
EndProject
Project("{F2A71F9B-5D33-465A-A702-920D77279786}") = "FSharp", "..\MathNetNumerics\src\FSharp\FSharp\FSharp.fsproj", "{D00091D3-8A84-4770-82E3-A5CFB39D6E28}"
EndProject
Global
	GlobalSection(SolutionConfigurationPlatforms) = preSolution
		Debug|Any CPU = Debug|Any CPU
		Debug|x64 = Debug|x64
		Release|Any CPU = Release|Any CPU
		Release|x64 = Release|x64
	EndGlobalSection
	GlobalSection(ProjectConfigurationPlatforms) = postSolution
		{790FDD25-2DB2-4A42-9A19-4855FBB5F850}.Debug|Any CPU.ActiveCfg = Debug|Any CPU
		{790FDD25-2DB2-4A42-9A19-4855FBB5F850}.Debug|Any CPU.Build.0 = Debug|Any CPU
		{790FDD25-2DB2-4A42-9A19-4855FBB5F850}.Debug|x64.ActiveCfg = Debug|Any CPU
		{790FDD25-2DB2-4A42-9A19-4855FBB5F850}.Debug|x64.Build.0 = Debug|Any CPU
		{790FDD25-2DB2-4A42-9A19-4855FBB5F850}.Release|Any CPU.ActiveCfg = Release|Any CPU
		{790FDD25-2DB2-4A42-9A19-4855FBB5F850}.Release|Any CPU.Build.0 = Release|Any CPU
		{790FDD25-2DB2-4A42-9A19-4855FBB5F850}.Release|x64.ActiveCfg = Release|Any CPU
		{790FDD25-2DB2-4A42-9A19-4855FBB5F850}.Release|x64.Build.0 = Release|Any CPU
		{5AD8EECF-4BB1-4592-B375-4534259070E5}.Debug|Any CPU.ActiveCfg = Debug|Any CPU
		{5AD8EECF-4BB1-4592-B375-4534259070E5}.Debug|Any CPU.Build.0 = Debug|Any CPU
		{5AD8EECF-4BB1-4592-B375-4534259070E5}.Debug|x64.ActiveCfg = Debug|Any CPU
		{5AD8EECF-4BB1-4592-B375-4534259070E5}.Debug|x64.Build.0 = Debug|Any CPU
		{5AD8EECF-4BB1-4592-B375-4534259070E5}.Release|Any CPU.ActiveCfg = Release|Any CPU
		{5AD8EECF-4BB1-4592-B375-4534259070E5}.Release|Any CPU.Build.0 = Release|Any CPU
		{5AD8EECF-4BB1-4592-B375-4534259070E5}.Release|x64.ActiveCfg = Release|Any CPU
		{5AD8EECF-4BB1-4592-B375-4534259070E5}.Release|x64.Build.0 = Release|Any CPU
		{31A3D7D4-252A-419B-A848-F778C9014748}.Debug|Any CPU.ActiveCfg = Debug|Any CPU
		{31A3D7D4-252A-419B-A848-F778C9014748}.Debug|Any CPU.Build.0 = Debug|Any CPU
		{31A3D7D4-252A-419B-A848-F778C9014748}.Debug|x64.ActiveCfg = Debug|Any CPU
		{31A3D7D4-252A-419B-A848-F778C9014748}.Debug|x64.Build.0 = Debug|Any CPU
		{31A3D7D4-252A-419B-A848-F778C9014748}.Release|Any CPU.ActiveCfg = Release|Any CPU
		{31A3D7D4-252A-419B-A848-F778C9014748}.Release|Any CPU.Build.0 = Release|Any CPU
		{31A3D7D4-252A-419B-A848-F778C9014748}.Release|x64.ActiveCfg = Release|Any CPU
		{31A3D7D4-252A-419B-A848-F778C9014748}.Release|x64.Build.0 = Release|Any CPU
		{E33CEBE8-BE13-4D9B-9331-0BED73519DF4}.Debug|Any CPU.ActiveCfg = Debug|Any CPU
		{E33CEBE8-BE13-4D9B-9331-0BED73519DF4}.Debug|Any CPU.Build.0 = Debug|Any CPU
		{E33CEBE8-BE13-4D9B-9331-0BED73519DF4}.Debug|x64.ActiveCfg = Debug|Any CPU
		{E33CEBE8-BE13-4D9B-9331-0BED73519DF4}.Debug|x64.Build.0 = Debug|Any CPU
		{E33CEBE8-BE13-4D9B-9331-0BED73519DF4}.Release|Any CPU.ActiveCfg = Release|Any CPU
		{E33CEBE8-BE13-4D9B-9331-0BED73519DF4}.Release|Any CPU.Build.0 = Release|Any CPU
		{E33CEBE8-BE13-4D9B-9331-0BED73519DF4}.Release|x64.ActiveCfg = Release|Any CPU
		{E33CEBE8-BE13-4D9B-9331-0BED73519DF4}.Release|x64.Build.0 = Release|Any CPU
		{28E2E9FA-55AF-4205-89D0-3F0970572873}.Debug|Any CPU.ActiveCfg = Debug|Any CPU
		{28E2E9FA-55AF-4205-89D0-3F0970572873}.Debug|Any CPU.Build.0 = Debug|Any CPU
		{28E2E9FA-55AF-4205-89D0-3F0970572873}.Debug|x64.ActiveCfg = Debug|Any CPU
		{28E2E9FA-55AF-4205-89D0-3F0970572873}.Debug|x64.Build.0 = Debug|Any CPU
		{28E2E9FA-55AF-4205-89D0-3F0970572873}.Release|Any CPU.ActiveCfg = Release|Any CPU
		{28E2E9FA-55AF-4205-89D0-3F0970572873}.Release|Any CPU.Build.0 = Release|Any CPU
		{28E2E9FA-55AF-4205-89D0-3F0970572873}.Release|x64.ActiveCfg = Release|Any CPU
		{28E2E9FA-55AF-4205-89D0-3F0970572873}.Release|x64.Build.0 = Release|Any CPU
		{CABC1334-FA26-483E-AE65-9F93C86DCE2D}.Debug|Any CPU.ActiveCfg = Debug|Any CPU
		{CABC1334-FA26-483E-AE65-9F93C86DCE2D}.Debug|Any CPU.Build.0 = Debug|Any CPU
		{CABC1334-FA26-483E-AE65-9F93C86DCE2D}.Debug|x64.ActiveCfg = Debug|Any CPU
		{CABC1334-FA26-483E-AE65-9F93C86DCE2D}.Debug|x64.Build.0 = Debug|Any CPU
		{CABC1334-FA26-483E-AE65-9F93C86DCE2D}.Release|Any CPU.ActiveCfg = Release|Any CPU
		{CABC1334-FA26-483E-AE65-9F93C86DCE2D}.Release|Any CPU.Build.0 = Release|Any CPU
		{CABC1334-FA26-483E-AE65-9F93C86DCE2D}.Release|x64.ActiveCfg = Release|Any CPU
		{CABC1334-FA26-483E-AE65-9F93C86DCE2D}.Release|x64.Build.0 = Release|Any CPU
		{5D23CBC1-D7C8-4942-B9C4-22993F4F5E30}.Debug|Any CPU.ActiveCfg = Debug|Any CPU
		{5D23CBC1-D7C8-4942-B9C4-22993F4F5E30}.Debug|Any CPU.Build.0 = Debug|Any CPU
		{5D23CBC1-D7C8-4942-B9C4-22993F4F5E30}.Debug|x64.ActiveCfg = Debug|Any CPU
		{5D23CBC1-D7C8-4942-B9C4-22993F4F5E30}.Debug|x64.Build.0 = Debug|Any CPU
		{5D23CBC1-D7C8-4942-B9C4-22993F4F5E30}.Release|Any CPU.ActiveCfg = Release|Any CPU
		{5D23CBC1-D7C8-4942-B9C4-22993F4F5E30}.Release|Any CPU.Build.0 = Release|Any CPU
		{5D23CBC1-D7C8-4942-B9C4-22993F4F5E30}.Release|x64.ActiveCfg = Release|Any CPU
		{5D23CBC1-D7C8-4942-B9C4-22993F4F5E30}.Release|x64.Build.0 = Release|Any CPU
		{C609D8EC-F1EA-4917-A43C-12EFB173B8F3}.Debug|Any CPU.ActiveCfg = Debug|Any CPU
		{C609D8EC-F1EA-4917-A43C-12EFB173B8F3}.Debug|Any CPU.Build.0 = Debug|Any CPU
		{C609D8EC-F1EA-4917-A43C-12EFB173B8F3}.Debug|x64.ActiveCfg = Debug|x64
		{C609D8EC-F1EA-4917-A43C-12EFB173B8F3}.Debug|x64.Build.0 = Debug|x64
		{C609D8EC-F1EA-4917-A43C-12EFB173B8F3}.Release|Any CPU.ActiveCfg = Release|Any CPU
		{C609D8EC-F1EA-4917-A43C-12EFB173B8F3}.Release|Any CPU.Build.0 = Release|Any CPU
		{C609D8EC-F1EA-4917-A43C-12EFB173B8F3}.Release|x64.ActiveCfg = Release|x64
		{C609D8EC-F1EA-4917-A43C-12EFB173B8F3}.Release|x64.Build.0 = Release|x64
		{50E8DCFB-1893-4550-8118-E00DA762EA2F}.Debug|Any CPU.ActiveCfg = Debug|Any CPU
		{50E8DCFB-1893-4550-8118-E00DA762EA2F}.Debug|Any CPU.Build.0 = Debug|Any CPU
		{50E8DCFB-1893-4550-8118-E00DA762EA2F}.Debug|x64.ActiveCfg = Debug|Any CPU
		{50E8DCFB-1893-4550-8118-E00DA762EA2F}.Debug|x64.Build.0 = Debug|Any CPU
		{50E8DCFB-1893-4550-8118-E00DA762EA2F}.Release|Any CPU.ActiveCfg = Release|Any CPU
		{50E8DCFB-1893-4550-8118-E00DA762EA2F}.Release|Any CPU.Build.0 = Release|Any CPU
		{50E8DCFB-1893-4550-8118-E00DA762EA2F}.Release|x64.ActiveCfg = Release|Any CPU
		{50E8DCFB-1893-4550-8118-E00DA762EA2F}.Release|x64.Build.0 = Release|Any CPU
		{D00091D3-8A84-4770-82E3-A5CFB39D6E28}.Debug|Any CPU.ActiveCfg = Debug|Any CPU
		{D00091D3-8A84-4770-82E3-A5CFB39D6E28}.Debug|Any CPU.Build.0 = Debug|Any CPU
		{D00091D3-8A84-4770-82E3-A5CFB39D6E28}.Debug|x64.ActiveCfg = Debug|Any CPU
		{D00091D3-8A84-4770-82E3-A5CFB39D6E28}.Debug|x64.Build.0 = Debug|Any CPU
		{D00091D3-8A84-4770-82E3-A5CFB39D6E28}.Release|Any CPU.ActiveCfg = Release|Any CPU
		{D00091D3-8A84-4770-82E3-A5CFB39D6E28}.Release|Any CPU.Build.0 = Release|Any CPU
		{D00091D3-8A84-4770-82E3-A5CFB39D6E28}.Release|x64.ActiveCfg = Release|Any CPU
		{D00091D3-8A84-4770-82E3-A5CFB39D6E28}.Release|x64.Build.0 = Release|Any CPU
	EndGlobalSection
	GlobalSection(SolutionProperties) = preSolution
		HideSolutionNode = FALSE
	EndGlobalSection
	GlobalSection(ExtensibilityGlobals) = postSolution
		SolutionGuid = {D7E14C7A-C356-42BC-B0EE-FDC5A7A4AAFF}
	EndGlobalSection
EndGlobal
