
Microsoft Visual Studio Solution File, Format Version 12.00
# Visual Studio Version 16
VisualStudioVersion = 16.0.30709.132
MinimumVisualStudioVersion = 10.0.40219.1
Project("{F2A71F9B-5D33-465A-A702-920D77279786}") = "Berreman", "Berreman\Berreman.fsproj", "{04611044-2F21-46CA-A0BF-AB86E782F0A6}"
EndProject
Project("{F2A71F9B-5D33-465A-A702-920D77279786}") = "Analytics", "Analytics\Analytics.fsproj", "{C777FECA-A18B-4A99-8EA0-FF15A10A7E3D}"
EndProject
Project("{F2A71F9B-5D33-465A-A702-920D77279786}") = "OpticalProperties", "OpticalProperties\OpticalProperties.fsproj", "{4372DA8C-086F-46BE-A744-538501E0D2DF}"
EndProject
Project("{2150E333-8FDC-42A3-9474-1A3956D46DE8}") = "Interop", "Interop", "{22614054-DE22-42D5-A194-E2EA81CA4F99}"
EndProject
Project("{FAE04EC0-301F-11D3-BF4B-00C04F79EFBC}") = "MathNet.Numerics", "MathNet.Numerics\MathNet.Numerics.csproj", "{5D1F0E16-8D7A-4EF3-8D36-969CD48DCA79}"
EndProject
Project("{F2A71F9B-5D33-465A-A702-920D77279786}") = "MathNet.Numerics.FSharp", "MathNet.Numerics.FSharp\MathNet.Numerics.FSharp.fsproj", "{1F618815-F1BB-464C-B45C-21E7C7603E07}"
EndProject
Project("{F2A71F9B-5D33-465A-A702-920D77279786}") = "BerremanTests", "BerremanTests\BerremanTests.fsproj", "{72658FE3-2D36-40E2-A0C9-9EA63A1FAA2B}"
EndProject
Global
	GlobalSection(SolutionConfigurationPlatforms) = preSolution
		Debug|Any CPU = Debug|Any CPU
		Release|Any CPU = Release|Any CPU
	EndGlobalSection
	GlobalSection(ProjectConfigurationPlatforms) = postSolution
		{04611044-2F21-46CA-A0BF-AB86E782F0A6}.Debug|Any CPU.ActiveCfg = Debug|Any CPU
		{04611044-2F21-46CA-A0BF-AB86E782F0A6}.Debug|Any CPU.Build.0 = Debug|Any CPU
		{04611044-2F21-46CA-A0BF-AB86E782F0A6}.Release|Any CPU.ActiveCfg = Release|Any CPU
		{04611044-2F21-46CA-A0BF-AB86E782F0A6}.Release|Any CPU.Build.0 = Release|Any CPU
		{C777FECA-A18B-4A99-8EA0-FF15A10A7E3D}.Debug|Any CPU.ActiveCfg = Debug|Any CPU
		{C777FECA-A18B-4A99-8EA0-FF15A10A7E3D}.Debug|Any CPU.Build.0 = Debug|Any CPU
		{C777FECA-A18B-4A99-8EA0-FF15A10A7E3D}.Release|Any CPU.ActiveCfg = Release|Any CPU
		{C777FECA-A18B-4A99-8EA0-FF15A10A7E3D}.Release|Any CPU.Build.0 = Release|Any CPU
		{4372DA8C-086F-46BE-A744-538501E0D2DF}.Debug|Any CPU.ActiveCfg = Debug|Any CPU
		{4372DA8C-086F-46BE-A744-538501E0D2DF}.Debug|Any CPU.Build.0 = Debug|Any CPU
		{4372DA8C-086F-46BE-A744-538501E0D2DF}.Release|Any CPU.ActiveCfg = Release|Any CPU
		{4372DA8C-086F-46BE-A744-538501E0D2DF}.Release|Any CPU.Build.0 = Release|Any CPU
		{5D1F0E16-8D7A-4EF3-8D36-969CD48DCA79}.Debug|Any CPU.ActiveCfg = Debug|Any CPU
		{5D1F0E16-8D7A-4EF3-8D36-969CD48DCA79}.Debug|Any CPU.Build.0 = Debug|Any CPU
		{5D1F0E16-8D7A-4EF3-8D36-969CD48DCA79}.Release|Any CPU.ActiveCfg = Release|Any CPU
		{5D1F0E16-8D7A-4EF3-8D36-969CD48DCA79}.Release|Any CPU.Build.0 = Release|Any CPU
		{1F618815-F1BB-464C-B45C-21E7C7603E07}.Debug|Any CPU.ActiveCfg = Debug|Any CPU
		{1F618815-F1BB-464C-B45C-21E7C7603E07}.Debug|Any CPU.Build.0 = Debug|Any CPU
		{1F618815-F1BB-464C-B45C-21E7C7603E07}.Release|Any CPU.ActiveCfg = Release|Any CPU
		{1F618815-F1BB-464C-B45C-21E7C7603E07}.Release|Any CPU.Build.0 = Release|Any CPU
		{72658FE3-2D36-40E2-A0C9-9EA63A1FAA2B}.Debug|Any CPU.ActiveCfg = Debug|Any CPU
		{72658FE3-2D36-40E2-A0C9-9EA63A1FAA2B}.Debug|Any CPU.Build.0 = Debug|Any CPU
		{72658FE3-2D36-40E2-A0C9-9EA63A1FAA2B}.Release|Any CPU.ActiveCfg = Release|Any CPU
		{72658FE3-2D36-40E2-A0C9-9EA63A1FAA2B}.Release|Any CPU.Build.0 = Release|Any CPU
	EndGlobalSection
	GlobalSection(SolutionProperties) = preSolution
		HideSolutionNode = FALSE
	EndGlobalSection
	GlobalSection(NestedProjects) = preSolution
		{5D1F0E16-8D7A-4EF3-8D36-969CD48DCA79} = {22614054-DE22-42D5-A194-E2EA81CA4F99}
		{1F618815-F1BB-464C-B45C-21E7C7603E07} = {22614054-DE22-42D5-A194-E2EA81CA4F99}
	EndGlobalSection
	GlobalSection(ExtensibilityGlobals) = postSolution
		SolutionGuid = {13F751D0-9277-4FE1-8C64-A048700044EF}
	EndGlobalSection
EndGlobal
